# This file is automatically @generated by Poetry 2.0.1 and should not be changed by hand.

[[package]]
name = "vermin"
version = "1.6.0"
description = "Concurrently detect the minimum Python versions needed to run code"
optional = false
python-versions = ">=3.0"
groups = ["test"]
files = [
    {file = "vermin-1.6.0-py2.py3-none-any.whl", hash = "sha256:f1fa9ee40f59983dc40e0477eb2b1fa8061a3df4c3b2bcf349add462a5610efb"},
    {file = "vermin-1.6.0.tar.gz", hash = "sha256:6266ca02f55d1c2aa189a610017c132eb2d1934f09e72a955b1eb3820ee6d4ef"},
]

[metadata]
lock-version = "2.1"
python-versions = ">=3.6"
content-hash = "9e5b4b4473f837919d827ce9bdc754fcbac1fbdbe252f5a203b00f90a87306a9"
